# This file was autogenerated by Stack.
# You should not edit this file by hand.
# For more information, please see the documentation at:
#   https://docs.haskellstack.org/en/stable/lock_files

packages:
- completed:
    hackage: beam-core-0.9.0.0@sha256:e5b1cb4d5b8a8a166f3373e8718672a3884feb9a5a133404b047b0af76538023,5282
    pantry-tree:
      size: 2704
      sha256: e54dabae556fcac9079587adcce1b2bb107c196688c476dabdd84ca86ad556af
  original:
    hackage: beam-core-0.9.0.0@sha256:e5b1cb4d5b8a8a166f3373e8718672a3884feb9a5a133404b047b0af76538023,5282
- completed:
    hackage: beam-postgres-0.5.0.0@sha256:3008f802b25fffaee2edf7f8f840a073ee630049031cda0b4ea7912b6656c813,4333
    pantry-tree:
      size: 1692
      sha256: 650c0241326528b9664756e7822edf61d972f30f21f42d4318c7e885aa86e38a
  original:
    hackage: beam-postgres-0.5.0.0@sha256:3008f802b25fffaee2edf7f8f840a073ee630049031cda0b4ea7912b6656c813,4333
- completed:
    hackage: beam-migrate-0.5.0.0@sha256:d3f7e333ec9e96122ccec6be0d38a88f766dfc248323be73fd0b3cee245ea421,4923
    pantry-tree:
      size: 1721
      sha256: 0aa2b84eef52bf8a7fc9906c2b2a1bc37d077456f232cdf445fc182ee888c20f
  original:
    hackage: beam-migrate-0.5.0.0@sha256:d3f7e333ec9e96122ccec6be0d38a88f766dfc248323be73fd0b3cee245ea421,4923
- completed:
    hackage: dependent-map-0.4.0.0@sha256:ca2b131046f4340a1c35d138c5a003fe4a5be96b14efc26291ed35fd08c62221,1657
    pantry-tree:
      size: 551
      sha256: 5defa30010904d2ad05a036f3eaf83793506717c93cbeb599f40db1a3632cfc5
  original:
    hackage: dependent-map-0.4.0.0@sha256:ca2b131046f4340a1c35d138c5a003fe4a5be96b14efc26291ed35fd08c62221,1657
- completed:
    hackage: dependent-sum-0.7.1.0@sha256:0e419237f5b86da3659772afff9cab355c0f8d5b3fdb15a5b30e673d8dc83941,2147
    pantry-tree:
      size: 290
      sha256: 009601e5d33e835c7a384e240c5c6ad12643bce9c54b2a0b07201daee3380e51
  original:
    hackage: dependent-sum-0.7.1.0@sha256:0e419237f5b86da3659772afff9cab355c0f8d5b3fdb15a5b30e673d8dc83941,2147
- completed:
    hackage: constraints-extras-0.3.1.0@sha256:12016ebb91ad5ed2c82bf7e48c6bd6947d164d33c9dca5ac3965de1bb6c780c0,1777
    pantry-tree:
      size: 595
      sha256: 5fe01617233b7f66ba0e2aef95b218a19225a22e4193a8ed93999a3b7c43a4f3
  original:
    hackage: constraints-extras-0.3.1.0@sha256:12016ebb91ad5ed2c82bf7e48c6bd6947d164d33c9dca5ac3965de1bb6c780c0,1777
- completed:
    hackage: beam-sqlite-0.5.0.0@sha256:d785bf40101235a72b80652ce27be9c8048de5f7c171ccb23e1e62b8f1ce6e7c,3496
    pantry-tree:
      size: 906
      sha256: d11ad1eae821288c1031ad2714a7184db0b4999a751895fca6a1e5d28116d3d9
  original:
    hackage: beam-sqlite-0.5.0.0@sha256:d785bf40101235a72b80652ce27be9c8048de5f7c171ccb23e1e62b8f1ce6e7c,3496
snapshots:
- completed:
    size: 567037
    url: https://raw.githubusercontent.com/commercialhaskell/stackage-snapshots/master/lts/17/9.yaml
    sha256: d7d8d5106e53d1669964bd8bd2b0f88a5ad192d772f5376384b76738fd992311
  original:
    url: https://raw.githubusercontent.com/commercialhaskell/stackage-snapshots/master/lts/17/9.yaml
